
Microsoft Visual Studio Solution File, Format Version 12.00
# Visual Studio 15
VisualStudioVersion = 15.0.27428.2027
MinimumVisualStudioVersion = 10.0.40219.1
Project("{8BC9CEB8-8B4A-11D0-8D11-00A0C91BC942}") = "Chapter 1", "Chapter 1\Chapter 1.vcxproj", "{F1BEAAF5-B85A-4E6F-98A1-C67990184C13}"
EndProject
Project("{8BC9CEB8-8B4A-11D0-8D11-00A0C91BC942}") = "Chapter 2", "Chapter 2\Chapter 2.vcxproj", "{DDB99A7B-58D8-4AF1-85FB-133F086EFC99}"
EndProject
Project("{8BC9CEB8-8B4A-11D0-8D11-00A0C91BC942}") = "Chapter 3", "Chapter 3\Chapter 3.vcxproj", "{702415F6-9024-4BE5-B8F2-51CC6D4DCCC6}"
EndProject
Project("{8BC9CEB8-8B4A-11D0-8D11-00A0C91BC942}") = "Chapter 4", "Chapter 4\Chapter 4.vcxproj", "{5950DE77-E124-47A4-94C3-5DF392A0D5B9}"
EndProject
Project("{8BC9CEB8-8B4A-11D0-8D11-00A0C91BC942}") = "Chapter 5", "Chapter 5\Chapter 5.vcxproj", "{F954526F-3EFA-4AF6-9313-D9EB60C813DD}"
EndProject
Project("{8BC9CEB8-8B4A-11D0-8D11-00A0C91BC942}") = "Chapter 6", "Chapter 6\Chapter 6.vcxproj", "{50AF42E4-8AD3-4EC8-92B2-C583DB955FEE}"
EndProject
Project("{8BC9CEB8-8B4A-11D0-8D11-00A0C91BC942}") = "Chapter 7", "Chapter 7\Chapter 7.vcxproj", "{3B82E2A5-7429-4687-8151-8B33EEA288AB}"
EndProject
Project("{8BC9CEB8-8B4A-11D0-8D11-00A0C91BC942}") = "Chapter 8", "Chapter 8\Chapter 8.vcxproj", "{4E8D1108-6FD6-4916-99B0-CA41525283BB}"
EndProject
Project("{8BC9CEB8-8B4A-11D0-8D11-00A0C91BC942}") = "Chapter 9", "Chapter 9\Chapter 9.vcxproj", "{A08CC079-190A-4F4F-B49A-24A4D70298B9}"
EndProject
Global
	GlobalSection(SolutionConfigurationPlatforms) = preSolution
		Debug|x64 = Debug|x64
		Debug|x86 = Debug|x86
		Release|x64 = Release|x64
		Release|x86 = Release|x86
	EndGlobalSection
	GlobalSection(ProjectConfigurationPlatforms) = postSolution
		{F1BEAAF5-B85A-4E6F-98A1-C67990184C13}.Debug|x64.ActiveCfg = Debug|x64
		{F1BEAAF5-B85A-4E6F-98A1-C67990184C13}.Debug|x64.Build.0 = Debug|x64
		{F1BEAAF5-B85A-4E6F-98A1-C67990184C13}.Debug|x86.ActiveCfg = Debug|Win32
		{F1BEAAF5-B85A-4E6F-98A1-C67990184C13}.Debug|x86.Build.0 = Debug|Win32
		{F1BEAAF5-B85A-4E6F-98A1-C67990184C13}.Release|x64.ActiveCfg = Release|x64
		{F1BEAAF5-B85A-4E6F-98A1-C67990184C13}.Release|x64.Build.0 = Release|x64
		{F1BEAAF5-B85A-4E6F-98A1-C67990184C13}.Release|x86.ActiveCfg = Release|Win32
		{F1BEAAF5-B85A-4E6F-98A1-C67990184C13}.Release|x86.Build.0 = Release|Win32
		{DDB99A7B-58D8-4AF1-85FB-133F086EFC99}.Debug|x64.ActiveCfg = Debug|x64
		{DDB99A7B-58D8-4AF1-85FB-133F086EFC99}.Debug|x64.Build.0 = Debug|x64
		{DDB99A7B-58D8-4AF1-85FB-133F086EFC99}.Debug|x86.ActiveCfg = Debug|Win32
		{DDB99A7B-58D8-4AF1-85FB-133F086EFC99}.Debug|x86.Build.0 = Debug|Win32
		{DDB99A7B-58D8-4AF1-85FB-133F086EFC99}.Release|x64.ActiveCfg = Release|x64
		{DDB99A7B-58D8-4AF1-85FB-133F086EFC99}.Release|x64.Build.0 = Release|x64
		{DDB99A7B-58D8-4AF1-85FB-133F086EFC99}.Release|x86.ActiveCfg = Release|Win32
		{DDB99A7B-58D8-4AF1-85FB-133F086EFC99}.Release|x86.Build.0 = Release|Win32
		{702415F6-9024-4BE5-B8F2-51CC6D4DCCC6}.Debug|x64.ActiveCfg = Debug|x64
		{702415F6-9024-4BE5-B8F2-51CC6D4DCCC6}.Debug|x64.Build.0 = Debug|x64
		{702415F6-9024-4BE5-B8F2-51CC6D4DCCC6}.Debug|x86.ActiveCfg = Debug|Win32
		{702415F6-9024-4BE5-B8F2-51CC6D4DCCC6}.Debug|x86.Build.0 = Debug|Win32
		{702415F6-9024-4BE5-B8F2-51CC6D4DCCC6}.Release|x64.ActiveCfg = Release|x64
		{702415F6-9024-4BE5-B8F2-51CC6D4DCCC6}.Release|x64.Build.0 = Release|x64
		{702415F6-9024-4BE5-B8F2-51CC6D4DCCC6}.Release|x86.ActiveCfg = Release|Win32
		{702415F6-9024-4BE5-B8F2-51CC6D4DCCC6}.Release|x86.Build.0 = Release|Win32
		{5950DE77-E124-47A4-94C3-5DF392A0D5B9}.Debug|x64.ActiveCfg = Debug|x64
		{5950DE77-E124-47A4-94C3-5DF392A0D5B9}.Debug|x64.Build.0 = Debug|x64
		{5950DE77-E124-47A4-94C3-5DF392A0D5B9}.Debug|x86.ActiveCfg = Debug|Win32
		{5950DE77-E124-47A4-94C3-5DF392A0D5B9}.Debug|x86.Build.0 = Debug|Win32
		{5950DE77-E124-47A4-94C3-5DF392A0D5B9}.Release|x64.ActiveCfg = Release|x64
		{5950DE77-E124-47A4-94C3-5DF392A0D5B9}.Release|x64.Build.0 = Release|x64
		{5950DE77-E124-47A4-94C3-5DF392A0D5B9}.Release|x86.ActiveCfg = Release|Win32
		{5950DE77-E124-47A4-94C3-5DF392A0D5B9}.Release|x86.Build.0 = Release|Win32
		{F954526F-3EFA-4AF6-9313-D9EB60C813DD}.Debug|x64.ActiveCfg = Debug|x64
		{F954526F-3EFA-4AF6-9313-D9EB60C813DD}.Debug|x64.Build.0 = Debug|x64
		{F954526F-3EFA-4AF6-9313-D9EB60C813DD}.Debug|x86.ActiveCfg = Debug|Win32
		{F954526F-3EFA-4AF6-9313-D9EB60C813DD}.Debug|x86.Build.0 = Debug|Win32
		{F954526F-3EFA-4AF6-9313-D9EB60C813DD}.Release|x64.ActiveCfg = Release|x64
		{F954526F-3EFA-4AF6-9313-D9EB60C813DD}.Release|x64.Build.0 = Release|x64
		{F954526F-3EFA-4AF6-9313-D9EB60C813DD}.Release|x86.ActiveCfg = Release|Win32
		{F954526F-3EFA-4AF6-9313-D9EB60C813DD}.Release|x86.Build.0 = Release|Win32
		{50AF42E4-8AD3-4EC8-92B2-C583DB955FEE}.Debug|x64.ActiveCfg = Debug|x64
		{50AF42E4-8AD3-4EC8-92B2-C583DB955FEE}.Debug|x64.Build.0 = Debug|x64
		{50AF42E4-8AD3-4EC8-92B2-C583DB955FEE}.Debug|x86.ActiveCfg = Debug|Win32
		{50AF42E4-8AD3-4EC8-92B2-C583DB955FEE}.Debug|x86.Build.0 = Debug|Win32
		{50AF42E4-8AD3-4EC8-92B2-C583DB955FEE}.Release|x64.ActiveCfg = Release|x64
		{50AF42E4-8AD3-4EC8-92B2-C583DB955FEE}.Release|x64.Build.0 = Release|x64
		{50AF42E4-8AD3-4EC8-92B2-C583DB955FEE}.Release|x86.ActiveCfg = Release|Win32
		{50AF42E4-8AD3-4EC8-92B2-C583DB955FEE}.Release|x86.Build.0 = Release|Win32
		{3B82E2A5-7429-4687-8151-8B33EEA288AB}.Debug|x64.ActiveCfg = Debug|x64
		{3B82E2A5-7429-4687-8151-8B33EEA288AB}.Debug|x64.Build.0 = Debug|x64
		{3B82E2A5-7429-4687-8151-8B33EEA288AB}.Debug|x86.ActiveCfg = Debug|Win32
		{3B82E2A5-7429-4687-8151-8B33EEA288AB}.Debug|x86.Build.0 = Debug|Win32
		{3B82E2A5-7429-4687-8151-8B33EEA288AB}.Release|x64.ActiveCfg = Release|x64
		{3B82E2A5-7429-4687-8151-8B33EEA288AB}.Release|x64.Build.0 = Release|x64
		{3B82E2A5-7429-4687-8151-8B33EEA288AB}.Release|x86.ActiveCfg = Release|Win32
		{3B82E2A5-7429-4687-8151-8B33EEA288AB}.Release|x86.Build.0 = Release|Win32
		{4E8D1108-6FD6-4916-99B0-CA41525283BB}.Debug|x64.ActiveCfg = Debug|x64
		{4E8D1108-6FD6-4916-99B0-CA41525283BB}.Debug|x64.Build.0 = Debug|x64
		{4E8D1108-6FD6-4916-99B0-CA41525283BB}.Debug|x86.ActiveCfg = Debug|Win32
		{4E8D1108-6FD6-4916-99B0-CA41525283BB}.Debug|x86.Build.0 = Debug|Win32
		{4E8D1108-6FD6-4916-99B0-CA41525283BB}.Release|x64.ActiveCfg = Release|x64
		{4E8D1108-6FD6-4916-99B0-CA41525283BB}.Release|x64.Build.0 = Release|x64
		{4E8D1108-6FD6-4916-99B0-CA41525283BB}.Release|x86.ActiveCfg = Release|Win32
		{4E8D1108-6FD6-4916-99B0-CA41525283BB}.Release|x86.Build.0 = Release|Win32
		{A08CC079-190A-4F4F-B49A-24A4D70298B9}.Debug|x64.ActiveCfg = Debug|x64
		{A08CC079-190A-4F4F-B49A-24A4D70298B9}.Debug|x64.Build.0 = Debug|x64
		{A08CC079-190A-4F4F-B49A-24A4D70298B9}.Debug|x86.ActiveCfg = Debug|Win32
		{A08CC079-190A-4F4F-B49A-24A4D70298B9}.Debug|x86.Build.0 = Debug|Win32
		{A08CC079-190A-4F4F-B49A-24A4D70298B9}.Release|x64.ActiveCfg = Release|x64
		{A08CC079-190A-4F4F-B49A-24A4D70298B9}.Release|x64.Build.0 = Release|x64
		{A08CC079-190A-4F4F-B49A-24A4D70298B9}.Release|x86.ActiveCfg = Release|Win32
		{A08CC079-190A-4F4F-B49A-24A4D70298B9}.Release|x86.Build.0 = Release|Win32
	EndGlobalSection
	GlobalSection(SolutionProperties) = preSolution
		HideSolutionNode = FALSE
	EndGlobalSection
	GlobalSection(ExtensibilityGlobals) = postSolution
		SolutionGuid = {602C181E-FE68-4847-A160-0E2CF9D581F8}
	EndGlobalSection
EndGlobal
